<Solution>
  <Project Path="src/Messaging.Contracts/Messaging.Contracts.csproj" />
  <Project Path="src/Messaging.Processing/Messaging.Processing.csproj" />
  <Project Path="src/Messaging.Producer/Messaging.Producer.csproj" />
  <Project Path="tests/Messaging.Processing.Tests/Messaging.Processing.Tests.csproj" />
  <Project Path="src/Messaging.Consumer/Messaging.Consumer.csproj" />
</Solution>
